
Microsoft Visual Studio Solution File, Format Version 12.00
# Visual Studio Version 17
VisualStudioVersion = 17.9.34723.18
MinimumVisualStudioVersion = 10.0.40219.1
Project("{FAE04EC0-301F-11D3-BF4B-00C04F79EFBC}") = "Константин Хламенков", "Константин Хламенков.csproj", "{D0B3DCC1-16BA-4F46-812B-23B7DF1AD2A2}"
EndProject
Global
	GlobalSection(SolutionConfigurationPlatforms) = preSolution
		Debug|Any CPU = Debug|Any CPU
		Release|Any CPU = Release|Any CPU
	EndGlobalSection
	GlobalSection(ProjectConfigurationPlatforms) = postSolution
		{D0B3DCC1-16BA-4F46-812B-23B7DF1AD2A2}.Debug|Any CPU.ActiveCfg = Debug|Any CPU
		{D0B3DCC1-16BA-4F46-812B-23B7DF1AD2A2}.Debug|Any CPU.Build.0 = Debug|Any CPU
		{D0B3DCC1-16BA-4F46-812B-23B7DF1AD2A2}.Release|Any CPU.ActiveCfg = Release|Any CPU
		{D0B3DCC1-16BA-4F46-812B-23B7DF1AD2A2}.Release|Any CPU.Build.0 = Release|Any CPU
	EndGlobalSection
	GlobalSection(SolutionProperties) = preSolution
		HideSolutionNode = FALSE
	EndGlobalSection
	GlobalSection(ExtensibilityGlobals) = postSolution
		SolutionGuid = {9750CA10-DF56-4C0B-A9D4-9B005F794F9C}
	EndGlobalSection
EndGlobal
